// !$*UTF8*$!
{
	archiveVersion = 1;
	classes = {
	};
	objectVersion = 51;
	objects = {

/* Begin PBXBuildFile section */
		1600AF20FF33B341803F37C4 /* Pods_freshApp.framework in Frameworks */ = {isa = PBXBuildFile; fileRef = 8F372103A81A4C451F224587 /* Pods_freshApp.framework */; };
		5290E24026FFF39B005DD737 /* VideoView.swift in Sources */ = {isa = PBXBuildFile; fileRef = 5290E23F26FFF39B005DD737 /* VideoView.swift */; };
		529349EB2702B9EF00C9C634 /* SearchBarView.swift in Sources */ = {isa = PBXBuildFile; fileRef = 529349EA2702B9EF00C9C634 /* SearchBarView.swift */; };
		529349ED2702BA5500C9C634 /* UIApplicationExtension.swift in Sources */ = {isa = PBXBuildFile; fileRef = 529349EC2702BA5500C9C634 /* UIApplicationExtension.swift */; };
		52AB403726FC05C300E343C9 /* Fresh.swift in Sources */ = {isa = PBXBuildFile; fileRef = 52AB403626FC05C300E343C9 /* Fresh.swift */; };
		52AB403B26FC05C600E343C9 /* Assets.xcassets in Resources */ = {isa = PBXBuildFile; fileRef = 52AB403A26FC05C600E343C9 /* Assets.xcassets */; };
		52AB403E26FC05C600E343C9 /* Preview Assets.xcassets in Resources */ = {isa = PBXBuildFile; fileRef = 52AB403D26FC05C600E343C9 /* Preview Assets.xcassets */; };
		52AB404926FC066100E343C9 /* LoginView.swift in Sources */ = {isa = PBXBuildFile; fileRef = 52AB404826FC066100E343C9 /* LoginView.swift */; };
		52AB404D26FC066F00E343C9 /* HomeView.swift in Sources */ = {isa = PBXBuildFile; fileRef = 52AB404C26FC066F00E343C9 /* HomeView.swift */; };
		52AB404F26FC06DB00E343C9 /* ImagePicker.swift in Sources */ = {isa = PBXBuildFile; fileRef = 52AB404E26FC06DB00E343C9 /* ImagePicker.swift */; };
		52AB405126FC06E200E343C9 /* Color.swift in Sources */ = {isa = PBXBuildFile; fileRef = 52AB405026FC06E200E343C9 /* Color.swift */; };
		52AB405526FC074900E343C9 /* FirebaseModel.swift in Sources */ = {isa = PBXBuildFile; fileRef = 52AB405426FC074900E343C9 /* FirebaseModel.swift */; };
		52AB405726FC075B00E343C9 /* UserModel.swift in Sources */ = {isa = PBXBuildFile; fileRef = 52AB405626FC075B00E343C9 /* UserModel.swift */; };
		52AB405926FC076400E343C9 /* PostModel.swift in Sources */ = {isa = PBXBuildFile; fileRef = 52AB405826FC076400E343C9 /* PostModel.swift */; };
		52AB405B26FC113D00E343C9 /* ProfileView.swift in Sources */ = {isa = PBXBuildFile; fileRef = 52AB405A26FC113D00E343C9 /* ProfileView.swift */; };
		52AB405D26FC245000E343C9 /* AddPostView.swift in Sources */ = {isa = PBXBuildFile; fileRef = 52AB405C26FC245000E343C9 /* AddPostView.swift */; };
		52E7EBA52702D63600B7F3B6 /* FirestoreModel.swift in Sources */ = {isa = PBXBuildFile; fileRef = 52E7EBA42702D63600B7F3B6 /* FirestoreModel.swift */; };
		52E7EBA72703D0FC00B7F3B6 /* SearchBar.swift in Sources */ = {isa = PBXBuildFile; fileRef = 52E7EBA62703D0FC00B7F3B6 /* SearchBar.swift */; };
		52E7EBA9270404A000B7F3B6 /* FileManager.swift in Sources */ = {isa = PBXBuildFile; fileRef = 52E7EBA8270404A000B7F3B6 /* FileManager.swift */; };
		52E7EBAF2704183600B7F3B6 /* CoreDataRelationshipsBootcamp.swift in Sources */ = {isa = PBXBuildFile; fileRef = 52E7EBAE2704183600B7F3B6 /* CoreDataRelationshipsBootcamp.swift */; };
		52E7EBB627054E0D00B7F3B6 /* CoreDataContainer.xcdatamodeld in Sources */ = {isa = PBXBuildFile; fileRef = 52E7EBB427054E0D00B7F3B6 /* CoreDataContainer.xcdatamodeld */; };
		E00139F126FEC34D0036CD94 /* PostView.swift in Sources */ = {isa = PBXBuildFile; fileRef = E00139F026FEC34D0036CD94 /* PostView.swift */; };
		E01022A52702B30F003CB9CA /* AuthModel.swift in Sources */ = {isa = PBXBuildFile; fileRef = E01022A42702B30F003CB9CA /* AuthModel.swift */; };
		E0A9392926FC07B800735C99 /* SubjectsModel.swift in Sources */ = {isa = PBXBuildFile; fileRef = E0A9392826FC07B800735C99 /* SubjectsModel.swift */; };
		E0A9392D26FC0E8400735C99 /* MainView.swift in Sources */ = {isa = PBXBuildFile; fileRef = E0A9392C26FC0E8400735C99 /* MainView.swift */; };
		E0A9392F26FC0ECE00735C99 /* TrendingView.swift in Sources */ = {isa = PBXBuildFile; fileRef = E0A9392E26FC0ECE00735C99 /* TrendingView.swift */; };
		E0A9393126FC11B800735C99 /* FollowingView.swift in Sources */ = {isa = PBXBuildFile; fileRef = E0A9393026FC11B800735C99 /* FollowingView.swift */; };
		E0A9393326FC1EDB00735C99 /* GoogleService-Info.plist in Resources */ = {isa = PBXBuildFile; fileRef = E0A9393226FC1EDB00735C99 /* GoogleService-Info.plist */; };
		E0E4385126FCEF3F000C5738 /* Launch.storyboard in Resources */ = {isa = PBXBuildFile; fileRef = E0E4385026FCEF3F000C5738 /* Launch.storyboard */; };
		E0E4385526FD1484000C5738 /* subjects.json in Resources */ = {isa = PBXBuildFile; fileRef = E0E4385426FD1484000C5738 /* subjects.json */; };
		E0E4385726FD1626000C5738 /* Bundle.swift in Sources */ = {isa = PBXBuildFile; fileRef = E0E4385626FD1626000C5738 /* Bundle.swift */; };
		E0E4389126FD33FD000C5738 /* TitleBarView.swift in Sources */ = {isa = PBXBuildFile; fileRef = E0E4389026FD33FD000C5738 /* TitleBarView.swift */; };
		E0E4389326FD52F9000C5738 /* LoadingView.swift in Sources */ = {isa = PBXBuildFile; fileRef = E0E4389226FD52F9000C5738 /* LoadingView.swift */; };
		E0E4389526FD5B2E000C5738 /* Keyboard.swift in Sources */ = {isa = PBXBuildFile; fileRef = E0E4389426FD5B2E000C5738 /* Keyboard.swift */; };
		E0E4DB202703D3A900131C6E /* StorageModel.swift in Sources */ = {isa = PBXBuildFile; fileRef = E0E4DB1F2703D3A900131C6E /* StorageModel.swift */; };
/* End PBXBuildFile section */

/* Begin PBXFileReference section */
		3DD5CE6420CDD96374E09335 /* Pods-freshApp.release.xcconfig */ = {isa = PBXFileReference; includeInIndex = 1; lastKnownFileType = text.xcconfig; name = "Pods-freshApp.release.xcconfig"; path = "Target Support Files/Pods-freshApp/Pods-freshApp.release.xcconfig"; sourceTree = "<group>"; };
		5290E23F26FFF39B005DD737 /* VideoView.swift */ = {isa = PBXFileReference; lastKnownFileType = sourcecode.swift; path = VideoView.swift; sourceTree = "<group>"; };
		529349EA2702B9EF00C9C634 /* SearchBarView.swift */ = {isa = PBXFileReference; lastKnownFileType = sourcecode.swift; path = SearchBarView.swift; sourceTree = "<group>"; };
		529349EC2702BA5500C9C634 /* UIApplicationExtension.swift */ = {isa = PBXFileReference; lastKnownFileType = sourcecode.swift; path = UIApplicationExtension.swift; sourceTree = "<group>"; };
		52AB403326FC05C300E343C9 /* freshApp.app */ = {isa = PBXFileReference; explicitFileType = wrapper.application; includeInIndex = 0; path = freshApp.app; sourceTree = BUILT_PRODUCTS_DIR; };
		52AB403626FC05C300E343C9 /* Fresh.swift */ = {isa = PBXFileReference; lastKnownFileType = sourcecode.swift; path = Fresh.swift; sourceTree = "<group>"; };
		52AB403A26FC05C600E343C9 /* Assets.xcassets */ = {isa = PBXFileReference; lastKnownFileType = folder.assetcatalog; path = Assets.xcassets; sourceTree = "<group>"; };
		52AB403D26FC05C600E343C9 /* Preview Assets.xcassets */ = {isa = PBXFileReference; lastKnownFileType = folder.assetcatalog; path = "Preview Assets.xcassets"; sourceTree = "<group>"; };
		52AB403F26FC05C600E343C9 /* Info.plist */ = {isa = PBXFileReference; lastKnownFileType = text.plist.xml; path = Info.plist; sourceTree = "<group>"; };
		52AB404826FC066100E343C9 /* LoginView.swift */ = {isa = PBXFileReference; lastKnownFileType = sourcecode.swift; path = LoginView.swift; sourceTree = "<group>"; };
		52AB404C26FC066F00E343C9 /* HomeView.swift */ = {isa = PBXFileReference; lastKnownFileType = sourcecode.swift; path = HomeView.swift; sourceTree = "<group>"; };
		52AB404E26FC06DB00E343C9 /* ImagePicker.swift */ = {isa = PBXFileReference; fileEncoding = 4; lastKnownFileType = sourcecode.swift; path = ImagePicker.swift; sourceTree = "<group>"; };
		52AB405026FC06E200E343C9 /* Color.swift */ = {isa = PBXFileReference; fileEncoding = 4; lastKnownFileType = sourcecode.swift; path = Color.swift; sourceTree = "<group>"; };
		52AB405426FC074900E343C9 /* FirebaseModel.swift */ = {isa = PBXFileReference; lastKnownFileType = sourcecode.swift; path = FirebaseModel.swift; sourceTree = "<group>"; };
		52AB405626FC075B00E343C9 /* UserModel.swift */ = {isa = PBXFileReference; lastKnownFileType = sourcecode.swift; path = UserModel.swift; sourceTree = "<group>"; };
		52AB405826FC076400E343C9 /* PostModel.swift */ = {isa = PBXFileReference; lastKnownFileType = sourcecode.swift; path = PostModel.swift; sourceTree = "<group>"; };
		52AB405A26FC113D00E343C9 /* ProfileView.swift */ = {isa = PBXFileReference; lastKnownFileType = sourcecode.swift; path = ProfileView.swift; sourceTree = "<group>"; };
		52AB405C26FC245000E343C9 /* AddPostView.swift */ = {isa = PBXFileReference; lastKnownFileType = sourcecode.swift; path = AddPostView.swift; sourceTree = "<group>"; };
		52E7EBA42702D63600B7F3B6 /* FirestoreModel.swift */ = {isa = PBXFileReference; lastKnownFileType = sourcecode.swift; path = FirestoreModel.swift; sourceTree = "<group>"; };
		52E7EBA62703D0FC00B7F3B6 /* SearchBar.swift */ = {isa = PBXFileReference; lastKnownFileType = sourcecode.swift; path = SearchBar.swift; sourceTree = "<group>"; };
		52E7EBA8270404A000B7F3B6 /* FileManager.swift */ = {isa = PBXFileReference; lastKnownFileType = sourcecode.swift; path = FileManager.swift; sourceTree = "<group>"; };
		52E7EBAE2704183600B7F3B6 /* CoreDataRelationshipsBootcamp.swift */ = {isa = PBXFileReference; lastKnownFileType = sourcecode.swift; path = CoreDataRelationshipsBootcamp.swift; sourceTree = "<group>"; };
		52E7EBB527054E0D00B7F3B6 /* CoreDataContainer.xcdatamodel */ = {isa = PBXFileReference; lastKnownFileType = wrapper.xcdatamodel; path = CoreDataContainer.xcdatamodel; sourceTree = "<group>"; };
		8F372103A81A4C451F224587 /* Pods_freshApp.framework */ = {isa = PBXFileReference; explicitFileType = wrapper.framework; includeInIndex = 0; path = Pods_freshApp.framework; sourceTree = BUILT_PRODUCTS_DIR; };
		9B4CB17EBAEAB6C4F89A5490 /* Pods-freshApp.debug.xcconfig */ = {isa = PBXFileReference; includeInIndex = 1; lastKnownFileType = text.xcconfig; name = "Pods-freshApp.debug.xcconfig"; path = "Target Support Files/Pods-freshApp/Pods-freshApp.debug.xcconfig"; sourceTree = "<group>"; };
		E00139F026FEC34D0036CD94 /* PostView.swift */ = {isa = PBXFileReference; lastKnownFileType = sourcecode.swift; path = PostView.swift; sourceTree = "<group>"; };
		E01022A42702B30F003CB9CA /* AuthModel.swift */ = {isa = PBXFileReference; lastKnownFileType = sourcecode.swift; path = AuthModel.swift; sourceTree = "<group>"; };
		E0A9392826FC07B800735C99 /* SubjectsModel.swift */ = {isa = PBXFileReference; lastKnownFileType = sourcecode.swift; path = SubjectsModel.swift; sourceTree = "<group>"; };
		E0A9392C26FC0E8400735C99 /* MainView.swift */ = {isa = PBXFileReference; lastKnownFileType = sourcecode.swift; path = MainView.swift; sourceTree = "<group>"; };
		E0A9392E26FC0ECE00735C99 /* TrendingView.swift */ = {isa = PBXFileReference; lastKnownFileType = sourcecode.swift; path = TrendingView.swift; sourceTree = "<group>"; };
		E0A9393026FC11B800735C99 /* FollowingView.swift */ = {isa = PBXFileReference; lastKnownFileType = sourcecode.swift; path = FollowingView.swift; sourceTree = "<group>"; };
		E0A9393226FC1EDB00735C99 /* GoogleService-Info.plist */ = {isa = PBXFileReference; fileEncoding = 4; lastKnownFileType = text.plist.xml; path = "GoogleService-Info.plist"; sourceTree = "<group>"; };
		E0E4385026FCEF3F000C5738 /* Launch.storyboard */ = {isa = PBXFileReference; lastKnownFileType = file.storyboard; path = Launch.storyboard; sourceTree = "<group>"; };
		E0E4385426FD1484000C5738 /* subjects.json */ = {isa = PBXFileReference; fileEncoding = 4; lastKnownFileType = text.json; path = subjects.json; sourceTree = "<group>"; };
		E0E4385626FD1626000C5738 /* Bundle.swift */ = {isa = PBXFileReference; lastKnownFileType = sourcecode.swift; path = Bundle.swift; sourceTree = "<group>"; };
		E0E4389026FD33FD000C5738 /* TitleBarView.swift */ = {isa = PBXFileReference; lastKnownFileType = sourcecode.swift; path = TitleBarView.swift; sourceTree = "<group>"; };
		E0E4389226FD52F9000C5738 /* LoadingView.swift */ = {isa = PBXFileReference; lastKnownFileType = sourcecode.swift; path = LoadingView.swift; sourceTree = "<group>"; };
		E0E4389426FD5B2E000C5738 /* Keyboard.swift */ = {isa = PBXFileReference; lastKnownFileType = sourcecode.swift; path = Keyboard.swift; sourceTree = "<group>"; };
		E0E4DB1F2703D3A900131C6E /* StorageModel.swift */ = {isa = PBXFileReference; lastKnownFileType = sourcecode.swift; path = StorageModel.swift; sourceTree = "<group>"; };
/* End PBXFileReference section */

/* Begin PBXFrameworksBuildPhase section */
		52AB403026FC05C300E343C9 /* Frameworks */ = {
			isa = PBXFrameworksBuildPhase;
			buildActionMask = 2147483647;
			files = (
				1600AF20FF33B341803F37C4 /* Pods_freshApp.framework in Frameworks */,
			);
			runOnlyForDeploymentPostprocessing = 0;
		};
/* End PBXFrameworksBuildPhase section */

/* Begin PBXGroup section */
		52AB402A26FC05C300E343C9 = {
			isa = PBXGroup;
			children = (
				52AB403526FC05C300E343C9 /* freshApp */,
				52AB403426FC05C300E343C9 /* Products */,
				6DB941AC855DC39CC4439D33 /* Pods */,
				9A55C00C88852608D398160F /* Frameworks */,
			);
			sourceTree = "<group>";
		};
		52AB403426FC05C300E343C9 /* Products */ = {
			isa = PBXGroup;
			children = (
				52AB403326FC05C300E343C9 /* freshApp.app */,
			);
			name = Products;
			sourceTree = "<group>";
		};
		52AB403526FC05C300E343C9 /* freshApp */ = {
			isa = PBXGroup;
			children = (
				52AB403626FC05C300E343C9 /* Fresh.swift */,
				52AB404726FC065500E343C9 /* Extras */,
				52E7EBAA270416D700B7F3B6 /* Core Data */,
				52AB404626FC064200E343C9 /* View Models */,
				52AB404526FC063D00E343C9 /* Views */,
				E0E4385026FCEF3F000C5738 /* Launch.storyboard */,
				E0A9393226FC1EDB00735C99 /* GoogleService-Info.plist */,
				52AB403A26FC05C600E343C9 /* Assets.xcassets */,
				52AB403F26FC05C600E343C9 /* Info.plist */,
				52AB403C26FC05C600E343C9 /* Preview Content */,
			);
			path = freshApp;
			sourceTree = "<group>";
		};
		52AB403C26FC05C600E343C9 /* Preview Content */ = {
			isa = PBXGroup;
			children = (
				52AB403D26FC05C600E343C9 /* Preview Assets.xcassets */,
			);
			path = "Preview Content";
			sourceTree = "<group>";
		};
		52AB404526FC063D00E343C9 /* Views */ = {
			isa = PBXGroup;
			children = (
				E0A9392C26FC0E8400735C99 /* MainView.swift */,
				52AB404826FC066100E343C9 /* LoginView.swift */,
				52AB405A26FC113D00E343C9 /* ProfileView.swift */,
				52AB405C26FC245000E343C9 /* AddPostView.swift */,
				E0A9392E26FC0ECE00735C99 /* TrendingView.swift */,
				52AB404C26FC066F00E343C9 /* HomeView.swift */,
				E0A9393026FC11B800735C99 /* FollowingView.swift */,
				5290E23F26FFF39B005DD737 /* VideoView.swift */,
				E0E4388F26FD33DB000C5738 /* Subviews */,
			);
			path = Views;
			sourceTree = "<group>";
		};
		52AB404626FC064200E343C9 /* View Models */ = {
			isa = PBXGroup;
			children = (
				52AB405426FC074900E343C9 /* FirebaseModel.swift */,
				E01022A42702B30F003CB9CA /* AuthModel.swift */,
				52E7EBA42702D63600B7F3B6 /* FirestoreModel.swift */,
				E0E4DB1F2703D3A900131C6E /* StorageModel.swift */,
				52E7EBA8270404A000B7F3B6 /* FileManager.swift */,
				52AB405626FC075B00E343C9 /* UserModel.swift */,
				52AB405826FC076400E343C9 /* PostModel.swift */,
				E0A9392826FC07B800735C99 /* SubjectsModel.swift */,
			);
			path = "View Models";
			sourceTree = "<group>";
		};
		52AB404726FC065500E343C9 /* Extras */ = {
			isa = PBXGroup;
			children = (
				52AB405026FC06E200E343C9 /* Color.swift */,
				52AB404E26FC06DB00E343C9 /* ImagePicker.swift */,
				529349EC2702BA5500C9C634 /* UIApplicationExtension.swift */,
				52E7EBA62703D0FC00B7F3B6 /* SearchBar.swift */,
				E0E4385626FD1626000C5738 /* Bundle.swift */,
				E0E4385426FD1484000C5738 /* subjects.json */,
				E0E4389426FD5B2E000C5738 /* Keyboard.swift */,
			);
			path = Extras;
			sourceTree = "<group>";
		};
		52E7EBAA270416D700B7F3B6 /* Core Data */ = {
			isa = PBXGroup;
			children = (
				52E7EBAE2704183600B7F3B6 /* CoreDataRelationshipsBootcamp.swift */,
				52E7EBB427054E0D00B7F3B6 /* CoreDataContainer.xcdatamodeld */,
			);
			path = "Core Data";
			sourceTree = "<group>";
		};
		6DB941AC855DC39CC4439D33 /* Pods */ = {
			isa = PBXGroup;
			children = (
				9B4CB17EBAEAB6C4F89A5490 /* Pods-freshApp.debug.xcconfig */,
				3DD5CE6420CDD96374E09335 /* Pods-freshApp.release.xcconfig */,
			);
			path = Pods;
			sourceTree = "<group>";
		};
		9A55C00C88852608D398160F /* Frameworks */ = {
			isa = PBXGroup;
			children = (
				8F372103A81A4C451F224587 /* Pods_freshApp.framework */,
			);
			name = Frameworks;
			sourceTree = "<group>";
		};
		E0E4388F26FD33DB000C5738 /* Subviews */ = {
			isa = PBXGroup;
			children = (
				E00139F026FEC34D0036CD94 /* PostView.swift */,
				E0E4389026FD33FD000C5738 /* TitleBarView.swift */,
				E0E4389226FD52F9000C5738 /* LoadingView.swift */,
				529349EA2702B9EF00C9C634 /* SearchBarView.swift */,
			);
			path = Subviews;
			sourceTree = "<group>";
		};
/* End PBXGroup section */

/* Begin PBXNativeTarget section */
		52AB403226FC05C300E343C9 /* freshApp */ = {
			isa = PBXNativeTarget;
			buildConfigurationList = 52AB404226FC05C600E343C9 /* Build configuration list for PBXNativeTarget "freshApp" */;
			buildPhases = (
				FDB4B00D6979961092B2A2D7 /* [CP] Check Pods Manifest.lock */,
				52AB402F26FC05C300E343C9 /* Sources */,
				52AB403026FC05C300E343C9 /* Frameworks */,
				52AB403126FC05C300E343C9 /* Resources */,
				D11C21DC1BD6E962A0B3AD6F /* [CP] Embed Pods Frameworks */,
			);
			buildRules = (
			);
			dependencies = (
			);
			name = freshApp;
			productName = freshApp;
			productReference = 52AB403326FC05C300E343C9 /* freshApp.app */;
			productType = "com.apple.product-type.application";
		};
/* End PBXNativeTarget section */

/* Begin PBXProject section */
		52AB402B26FC05C300E343C9 /* Project object */ = {
			isa = PBXProject;
			attributes = {
				LastSwiftUpdateCheck = 1250;
				LastUpgradeCheck = 1250;
				TargetAttributes = {
					52AB403226FC05C300E343C9 = {
						CreatedOnToolsVersion = 12.5.1;
					};
				};
			};
			buildConfigurationList = 52AB402E26FC05C300E343C9 /* Build configuration list for PBXProject "freshApp" */;
			compatibilityVersion = "Xcode 9.3";
			developmentRegion = en;
			hasScannedForEncodings = 0;
			knownRegions = (
				en,
				Base,
			);
			mainGroup = 52AB402A26FC05C300E343C9;
			productRefGroup = 52AB403426FC05C300E343C9 /* Products */;
			projectDirPath = "";
			projectRoot = "";
			targets = (
				52AB403226FC05C300E343C9 /* freshApp */,
			);
		};
/* End PBXProject section */

/* Begin PBXResourcesBuildPhase section */
		52AB403126FC05C300E343C9 /* Resources */ = {
			isa = PBXResourcesBuildPhase;
			buildActionMask = 2147483647;
			files = (
				52AB403E26FC05C600E343C9 /* Preview Assets.xcassets in Resources */,
				E0E4385526FD1484000C5738 /* subjects.json in Resources */,
				52AB403B26FC05C600E343C9 /* Assets.xcassets in Resources */,
				E0E4385126FCEF3F000C5738 /* Launch.storyboard in Resources */,
				E0A9393326FC1EDB00735C99 /* GoogleService-Info.plist in Resources */,
			);
			runOnlyForDeploymentPostprocessing = 0;
		};
/* End PBXResourcesBuildPhase section */

/* Begin PBXShellScriptBuildPhase section */
		D11C21DC1BD6E962A0B3AD6F /* [CP] Embed Pods Frameworks */ = {
			isa = PBXShellScriptBuildPhase;
			buildActionMask = 2147483647;
			files = (
			);
			inputFileListPaths = (
				"${PODS_ROOT}/Target Support Files/Pods-freshApp/Pods-freshApp-frameworks-${CONFIGURATION}-input-files.xcfilelist",
			);
			name = "[CP] Embed Pods Frameworks";
			outputFileListPaths = (
				"${PODS_ROOT}/Target Support Files/Pods-freshApp/Pods-freshApp-frameworks-${CONFIGURATION}-output-files.xcfilelist",
			);
			runOnlyForDeploymentPostprocessing = 0;
			shellPath = /bin/sh;
			shellScript = "\"${PODS_ROOT}/Target Support Files/Pods-freshApp/Pods-freshApp-frameworks.sh\"\n";
			showEnvVarsInLog = 0;
		};
		FDB4B00D6979961092B2A2D7 /* [CP] Check Pods Manifest.lock */ = {
			isa = PBXShellScriptBuildPhase;
			buildActionMask = 2147483647;
			files = (
			);
			inputFileListPaths = (
			);
			inputPaths = (
				"${PODS_PODFILE_DIR_PATH}/Podfile.lock",
				"${PODS_ROOT}/Manifest.lock",
			);
			name = "[CP] Check Pods Manifest.lock";
			outputFileListPaths = (
			);
			outputPaths = (
				"$(DERIVED_FILE_DIR)/Pods-freshApp-checkManifestLockResult.txt",
			);
			runOnlyForDeploymentPostprocessing = 0;
			shellPath = /bin/sh;
			shellScript = "diff \"${PODS_PODFILE_DIR_PATH}/Podfile.lock\" \"${PODS_ROOT}/Manifest.lock\" > /dev/null\nif [ $? != 0 ] ; then\n    # print error to STDERR\n    echo \"error: The sandbox is not in sync with the Podfile.lock. Run 'pod install' or update your CocoaPods installation.\" >&2\n    exit 1\nfi\n# This output is used by Xcode 'outputs' to avoid re-running this script phase.\necho \"SUCCESS\" > \"${SCRIPT_OUTPUT_FILE_0}\"\n";
			showEnvVarsInLog = 0;
		};
/* End PBXShellScriptBuildPhase section */

/* Begin PBXSourcesBuildPhase section */
		52AB402F26FC05C300E343C9 /* Sources */ = {
			isa = PBXSourcesBuildPhase;
			buildActionMask = 2147483647;
			files = (
				52AB405526FC074900E343C9 /* FirebaseModel.swift in Sources */,
				E0A9392D26FC0E8400735C99 /* MainView.swift in Sources */,
				E0E4385726FD1626000C5738 /* Bundle.swift in Sources */,
				52E7EBA52702D63600B7F3B6 /* FirestoreModel.swift in Sources */,
				52AB405926FC076400E343C9 /* PostModel.swift in Sources */,
				E0E4389526FD5B2E000C5738 /* Keyboard.swift in Sources */,
				E0E4389326FD52F9000C5738 /* LoadingView.swift in Sources */,
				52E7EBB627054E0D00B7F3B6 /* CoreDataContainer.xcdatamodeld in Sources */,
				529349ED2702BA5500C9C634 /* UIApplicationExtension.swift in Sources */,
				52AB405D26FC245000E343C9 /* AddPostView.swift in Sources */,
				E01022A52702B30F003CB9CA /* AuthModel.swift in Sources */,
				52AB405B26FC113D00E343C9 /* ProfileView.swift in Sources */,
				E0E4DB202703D3A900131C6E /* StorageModel.swift in Sources */,
				E0A9392926FC07B800735C99 /* SubjectsModel.swift in Sources */,
				52E7EBAF2704183600B7F3B6 /* CoreDataRelationshipsBootcamp.swift in Sources */,
				52E7EBA72703D0FC00B7F3B6 /* SearchBar.swift in Sources */,
				E00139F126FEC34D0036CD94 /* PostView.swift in Sources */,
				52E7EBA9270404A000B7F3B6 /* FileManager.swift in Sources */,
				529349EB2702B9EF00C9C634 /* SearchBarView.swift in Sources */,
				52AB404926FC066100E343C9 /* LoginView.swift in Sources */,
				52AB405126FC06E200E343C9 /* Color.swift in Sources */,
				52AB404F26FC06DB00E343C9 /* ImagePicker.swift in Sources */,
				E0A9392F26FC0ECE00735C99 /* TrendingView.swift in Sources */,
				52AB404D26FC066F00E343C9 /* HomeView.swift in Sources */,
				E0A9393126FC11B800735C99 /* FollowingView.swift in Sources */,
				5290E24026FFF39B005DD737 /* VideoView.swift in Sources */,
				52AB405726FC075B00E343C9 /* UserModel.swift in Sources */,
				52AB403726FC05C300E343C9 /* Fresh.swift in Sources */,
				E0E4389126FD33FD000C5738 /* TitleBarView.swift in Sources */,
			);
			runOnlyForDeploymentPostprocessing = 0;
		};
/* End PBXSourcesBuildPhase section */

/* Begin XCBuildConfiguration section */
		52AB404026FC05C600E343C9 /* Debug */ = {
			isa = XCBuildConfiguration;
			buildSettings = {
				ALWAYS_SEARCH_USER_PATHS = NO;
				CLANG_ANALYZER_NONNULL = YES;
				CLANG_ANALYZER_NUMBER_OBJECT_CONVERSION = YES_AGGRESSIVE;
				CLANG_CXX_LANGUAGE_STANDARD = "gnu++14";
				CLANG_CXX_LIBRARY = "libc++";
				CLANG_ENABLE_MODULES = YES;
				CLANG_ENABLE_OBJC_ARC = YES;
				CLANG_ENABLE_OBJC_WEAK = YES;
				CLANG_WARN_BLOCK_CAPTURE_AUTORELEASING = YES;
				CLANG_WARN_BOOL_CONVERSION = YES;
				CLANG_WARN_COMMA = YES;
				CLANG_WARN_CONSTANT_CONVERSION = YES;
				CLANG_WARN_DEPRECATED_OBJC_IMPLEMENTATIONS = YES;
				CLANG_WARN_DIRECT_OBJC_ISA_USAGE = YES_ERROR;
				CLANG_WARN_DOCUMENTATION_COMMENTS = YES;
				CLANG_WARN_EMPTY_BODY = YES;
				CLANG_WARN_ENUM_CONVERSION = YES;
				CLANG_WARN_INFINITE_RECURSION = YES;
				CLANG_WARN_INT_CONVERSION = YES;
				CLANG_WARN_NON_LITERAL_NULL_CONVERSION = YES;
				CLANG_WARN_OBJC_IMPLICIT_RETAIN_SELF = YES;
				CLANG_WARN_OBJC_LITERAL_CONVERSION = YES;
				CLANG_WARN_OBJC_ROOT_CLASS = YES_ERROR;
				CLANG_WARN_QUOTED_INCLUDE_IN_FRAMEWORK_HEADER = YES;
				CLANG_WARN_RANGE_LOOP_ANALYSIS = YES;
				CLANG_WARN_STRICT_PROTOTYPES = YES;
				CLANG_WARN_SUSPICIOUS_MOVE = YES;
				CLANG_WARN_UNGUARDED_AVAILABILITY = YES_AGGRESSIVE;
				CLANG_WARN_UNREACHABLE_CODE = YES;
				CLANG_WARN__DUPLICATE_METHOD_MATCH = YES;
				COPY_PHASE_STRIP = NO;
				DEBUG_INFORMATION_FORMAT = dwarf;
				ENABLE_STRICT_OBJC_MSGSEND = YES;
				ENABLE_TESTABILITY = YES;
				GCC_C_LANGUAGE_STANDARD = gnu11;
				GCC_DYNAMIC_NO_PIC = NO;
				GCC_NO_COMMON_BLOCKS = YES;
				GCC_OPTIMIZATION_LEVEL = 0;
				GCC_PREPROCESSOR_DEFINITIONS = (
					"DEBUG=1",
					"$(inherited)",
				);
				GCC_WARN_64_TO_32_BIT_CONVERSION = YES;
				GCC_WARN_ABOUT_RETURN_TYPE = YES_ERROR;
				GCC_WARN_UNDECLARED_SELECTOR = YES;
				GCC_WARN_UNINITIALIZED_AUTOS = YES_AGGRESSIVE;
				GCC_WARN_UNUSED_FUNCTION = YES;
				GCC_WARN_UNUSED_VARIABLE = YES;
				IPHONEOS_DEPLOYMENT_TARGET = 14.5;
				MTL_ENABLE_DEBUG_INFO = INCLUDE_SOURCE;
				MTL_FAST_MATH = YES;
				ONLY_ACTIVE_ARCH = YES;
				SDKROOT = iphoneos;
				SWIFT_ACTIVE_COMPILATION_CONDITIONS = DEBUG;
				SWIFT_OPTIMIZATION_LEVEL = "-Onone";
			};
			name = Debug;
		};
		52AB404126FC05C600E343C9 /* Release */ = {
			isa = XCBuildConfiguration;
			buildSettings = {
				ALWAYS_SEARCH_USER_PATHS = NO;
				CLANG_ANALYZER_NONNULL = YES;
				CLANG_ANALYZER_NUMBER_OBJECT_CONVERSION = YES_AGGRESSIVE;
				CLANG_CXX_LANGUAGE_STANDARD = "gnu++14";
				CLANG_CXX_LIBRARY = "libc++";
				CLANG_ENABLE_MODULES = YES;
				CLANG_ENABLE_OBJC_ARC = YES;
				CLANG_ENABLE_OBJC_WEAK = YES;
				CLANG_WARN_BLOCK_CAPTURE_AUTORELEASING = YES;
				CLANG_WARN_BOOL_CONVERSION = YES;
				CLANG_WARN_COMMA = YES;
				CLANG_WARN_CONSTANT_CONVERSION = YES;
				CLANG_WARN_DEPRECATED_OBJC_IMPLEMENTATIONS = YES;
				CLANG_WARN_DIRECT_OBJC_ISA_USAGE = YES_ERROR;
				CLANG_WARN_DOCUMENTATION_COMMENTS = YES;
				CLANG_WARN_EMPTY_BODY = YES;
				CLANG_WARN_ENUM_CONVERSION = YES;
				CLANG_WARN_INFINITE_RECURSION = YES;
				CLANG_WARN_INT_CONVERSION = YES;
				CLANG_WARN_NON_LITERAL_NULL_CONVERSION = YES;
				CLANG_WARN_OBJC_IMPLICIT_RETAIN_SELF = YES;
				CLANG_WARN_OBJC_LITERAL_CONVERSION = YES;
				CLANG_WARN_OBJC_ROOT_CLASS = YES_ERROR;
				CLANG_WARN_QUOTED_INCLUDE_IN_FRAMEWORK_HEADER = YES;
				CLANG_WARN_RANGE_LOOP_ANALYSIS = YES;
				CLANG_WARN_STRICT_PROTOTYPES = YES;
				CLANG_WARN_SUSPICIOUS_MOVE = YES;
				CLANG_WARN_UNGUARDED_AVAILABILITY = YES_AGGRESSIVE;
				CLANG_WARN_UNREACHABLE_CODE = YES;
				CLANG_WARN__DUPLICATE_METHOD_MATCH = YES;
				COPY_PHASE_STRIP = NO;
				DEBUG_INFORMATION_FORMAT = "dwarf-with-dsym";
				ENABLE_NS_ASSERTIONS = NO;
				ENABLE_STRICT_OBJC_MSGSEND = YES;
				GCC_C_LANGUAGE_STANDARD = gnu11;
				GCC_NO_COMMON_BLOCKS = YES;
				GCC_WARN_64_TO_32_BIT_CONVERSION = YES;
				GCC_WARN_ABOUT_RETURN_TYPE = YES_ERROR;
				GCC_WARN_UNDECLARED_SELECTOR = YES;
				GCC_WARN_UNINITIALIZED_AUTOS = YES_AGGRESSIVE;
				GCC_WARN_UNUSED_FUNCTION = YES;
				GCC_WARN_UNUSED_VARIABLE = YES;
				IPHONEOS_DEPLOYMENT_TARGET = 14.5;
				MTL_ENABLE_DEBUG_INFO = NO;
				MTL_FAST_MATH = YES;
				SDKROOT = iphoneos;
				SWIFT_COMPILATION_MODE = wholemodule;
				SWIFT_OPTIMIZATION_LEVEL = "-O";
				VALIDATE_PRODUCT = YES;
			};
			name = Release;
		};
		52AB404326FC05C600E343C9 /* Debug */ = {
			isa = XCBuildConfiguration;
			baseConfigurationReference = 9B4CB17EBAEAB6C4F89A5490 /* Pods-freshApp.debug.xcconfig */;
			buildSettings = {
				ASSETCATALOG_COMPILER_APPICON_NAME = AppIcon;
				ASSETCATALOG_COMPILER_GLOBAL_ACCENT_COLOR_NAME = AccentColor;
				CODE_SIGN_STYLE = Automatic;
				DEVELOPMENT_ASSET_PATHS = "\"freshApp/Preview Content\"";
				DEVELOPMENT_TEAM = BFM3LXHGTC;
				ENABLE_PREVIEWS = YES;
				INFOPLIST_FILE = freshApp/Info.plist;
				IPHONEOS_DEPLOYMENT_TARGET = 14.0;
				LD_RUNPATH_SEARCH_PATHS = (
					"$(inherited)",
					"@executable_path/Frameworks",
				);
				PRODUCT_BUNDLE_IDENTIFIER = com.TrevorBuhler.freshApp;
				PRODUCT_NAME = "$(TARGET_NAME)";
				SWIFT_VERSION = 5.0;
				TARGETED_DEVICE_FAMILY = "1,2";
			};
			name = Debug;
		};
		52AB404426FC05C600E343C9 /* Release */ = {
			isa = XCBuildConfiguration;
			baseConfigurationReference = 3DD5CE6420CDD96374E09335 /* Pods-freshApp.release.xcconfig */;
			buildSettings = {
				ASSETCATALOG_COMPILER_APPICON_NAME = AppIcon;
				ASSETCATALOG_COMPILER_GLOBAL_ACCENT_COLOR_NAME = AccentColor;
				CODE_SIGN_STYLE = Automatic;
				DEVELOPMENT_ASSET_PATHS = "\"freshApp/Preview Content\"";
				DEVELOPMENT_TEAM = BFM3LXHGTC;
				ENABLE_PREVIEWS = YES;
				INFOPLIST_FILE = freshApp/Info.plist;
				IPHONEOS_DEPLOYMENT_TARGET = 14.0;
				LD_RUNPATH_SEARCH_PATHS = (
					"$(inherited)",
					"@executable_path/Frameworks",
				);
				PRODUCT_BUNDLE_IDENTIFIER = com.TrevorBuhler.freshApp;
				PRODUCT_NAME = "$(TARGET_NAME)";
				SWIFT_VERSION = 5.0;
				TARGETED_DEVICE_FAMILY = "1,2";
			};
			name = Release;
		};
/* End XCBuildConfiguration section */

/* Begin XCConfigurationList section */
		52AB402E26FC05C300E343C9 /* Build configuration list for PBXProject "freshApp" */ = {
			isa = XCConfigurationList;
			buildConfigurations = (
				52AB404026FC05C600E343C9 /* Debug */,
				52AB404126FC05C600E343C9 /* Release */,
			);
			defaultConfigurationIsVisible = 0;
			defaultConfigurationName = Debug;
		};
		52AB404226FC05C600E343C9 /* Build configuration list for PBXNativeTarget "freshApp" */ = {
			isa = XCConfigurationList;
			buildConfigurations = (
				52AB404326FC05C600E343C9 /* Debug */,
				52AB404426FC05C600E343C9 /* Release */,
			);
			defaultConfigurationIsVisible = 0;
			defaultConfigurationName = Debug;
		};
/* End XCConfigurationList section */

/* Begin XCVersionGroup section */
		52E7EBB427054E0D00B7F3B6 /* CoreDataContainer.xcdatamodeld */ = {
			isa = XCVersionGroup;
			children = (
				52E7EBB527054E0D00B7F3B6 /* CoreDataContainer.xcdatamodel */,
			);
			currentVersion = 52E7EBB527054E0D00B7F3B6 /* CoreDataContainer.xcdatamodel */;
			path = CoreDataContainer.xcdatamodeld;
			sourceTree = "<group>";
			versionGroupType = wrapper.xcdatamodel;
		};
/* End XCVersionGroup section */
	};
	rootObject = 52AB402B26FC05C300E343C9 /* Project object */;
}
